# This file is autogenerated, do not edit; changes may be undone by the next 'dep ensure'.


[[projects]]
  name = "github.com/disintegration/imaging"
  packages = ["."]
  revision = "b039796423f87e7caca7f8eaace36878f2cce73d"
  version = "v1.4.0"

[[projects]]
  name = "github.com/garyburd/redigo"
  packages = [
    "internal",
    "redis"
  ]
  revision = "a69d19351219b6dd56f274f96d85a7014a2ec34e"
  version = "v1.6.0"

[[projects]]
  name = "github.com/go-mail/mail"
  packages = ["."]
  revision = "63235f23494bf20d713a585bce40b2a0675c2f77"
  version = "2.2.0"

[[projects]]
  branch = "master"
  name = "github.com/jaytaylor/html2text"
  packages = ["."]
  revision = "190166da35878a77103b951ae035a473531c1fc2"

[[projects]]
  name = "github.com/jhillyerd/enmime"
  packages = [
    ".",
    "internal/coding",
    "internal/stringutil"
  ]
  revision = "bed8d3f5e62dd8aca071dfe08f775f17e3647dd7"
  version = "v0.2.0"

[[projects]]
  name = "github.com/mattn/go-runewidth"
  packages = ["."]
  revision = "9e777a8366cce605130a531d2cd6363d07ad7317"
  version = "v0.0.2"

[[projects]]
  branch = "master"
  name = "github.com/olekukonko/tablewriter"
  packages = ["."]
  revision = "b8a9be070da40449e501c3c4730a889e42d87a9e"

[[projects]]
  branch = "master"
  name = "github.com/ssor/bom"
  packages = ["."]
  revision = "6386211fdfcf24c0bfbdaceafd02849ed9a8a509"

[[projects]]
  name = "github.com/urfave/cli"
  packages = ["."]
  revision = "cfb38830724cc34fedffe9a2a29fb54fa9169cd1"
  version = "v1.20.0"

[[projects]]
  branch = "master"
  name = "golang.org/x/image"
  packages = [
    "bmp",
    "tiff",
    "tiff/lzw"
  ]
  revision = "12117c17ca67ffa1ce22e9409f3b0b0a93ac08c7"

[[projects]]
  branch = "master"
  name = "golang.org/x/net"
  packages = [
    "html",
    "html/atom"
  ]
  revision = "803fdb99c0f72e493c28ef2099d250a9c989d8ff"

[[projects]]
  name = "golang.org/x/text"
  packages = [
    "encoding",
    "encoding/charmap",
    "encoding/internal",
    "encoding/internal/identifier",
    "encoding/japanese",
    "encoding/korean",
    "encoding/simplifiedchinese",
    "encoding/traditionalchinese",
    "encoding/unicode",
    "internal/gen",
    "internal/triegen",
    "internal/ucd",
    "internal/utf8internal",
    "runes",
    "transform",
    "unicode/cldr",
    "unicode/norm"
  ]
  revision = "f21a4dfb5e38f5895301dc265a8def02365cc3d0"
  version = "v0.3.0"

[[projects]]
  branch = "v3"
  name = "gopkg.in/alexcesaro/quotedprintable.v3"
  packages = ["."]
  revision = "2caba252f4dc53eaf6b553000885530023f54623"

[solve-meta]
  analyzer-name = "dep"
  analyzer-version = 1
  inputs-digest = "d66807d20ce634da8b9d42b2e4efd094a6584a99304d71abcf29178deab9bf41"
  solver-name = "gps-cdcl"
  solver-version = 1
